# This file is automatically @generated by Cargo.
# It is not intended for manual editing.
version = 3

[[package]]
name = "cdylib-example"
version = "0.1.0"

[[package]]
name = "cdylib-link"
version = "0.1.0"

[[package]]
name = "dylib-test"
version = "0.1.0"

[[package]]
name = "nextest-derive"
version = "0.1.0"

[[package]]
name = "nextest-tests"
version = "0.1.0"
dependencies = [
 "dylib-test",
]
